// !$*UTF8*$!
{
	archiveVersion = 1;
	classes = {
	};
	objectVersion = 51;
	objects = {

/* Begin PBXBuildFile section */
		A53AA0A26EEE66EF5790875C /* libPods-Weather.a in Frameworks */ = {isa = PBXBuildFile; fileRef = 875E93DD240D2492B45C5C78 /* libPods-Weather.a */; };
		F124C353249E91BE009A0568 /* AppDelegate.swift in Sources */ = {isa = PBXBuildFile; fileRef = F124C352249E91BE009A0568 /* AppDelegate.swift */; };
		F124C355249E91BE009A0568 /* SceneDelegate.swift in Sources */ = {isa = PBXBuildFile; fileRef = F124C354249E91BE009A0568 /* SceneDelegate.swift */; };
		F124C357249E91BE009A0568 /* TabViewController.swift in Sources */ = {isa = PBXBuildFile; fileRef = F124C356249E91BE009A0568 /* TabViewController.swift */; };
		F124C35A249E91BE009A0568 /* Main.storyboard in Resources */ = {isa = PBXBuildFile; fileRef = F124C358249E91BE009A0568 /* Main.storyboard */; };
		F124C35C249E91C0009A0568 /* Assets.xcassets in Resources */ = {isa = PBXBuildFile; fileRef = F124C35B249E91C0009A0568 /* Assets.xcassets */; };
		F124C35F249E91C0009A0568 /* LaunchScreen.storyboard in Resources */ = {isa = PBXBuildFile; fileRef = F124C35D249E91C0009A0568 /* LaunchScreen.storyboard */; };
		F124C36D249E96DA009A0568 /* CityPresenter.swift in Sources */ = {isa = PBXBuildFile; fileRef = F124C367249E96DA009A0568 /* CityPresenter.swift */; };
		F124C36E249E96DA009A0568 /* CityRouter.swift in Sources */ = {isa = PBXBuildFile; fileRef = F124C368249E96DA009A0568 /* CityRouter.swift */; };
		F124C36F249E96DA009A0568 /* CityViewController.swift in Sources */ = {isa = PBXBuildFile; fileRef = F124C369249E96DA009A0568 /* CityViewController.swift */; };
		F124C370249E96DA009A0568 /* CityProtocols.swift in Sources */ = {isa = PBXBuildFile; fileRef = F124C36A249E96DA009A0568 /* CityProtocols.swift */; };
		F124C371249E96DA009A0568 /* CityInteractor.swift in Sources */ = {isa = PBXBuildFile; fileRef = F124C36B249E96DA009A0568 /* CityInteractor.swift */; };
		F124C375249E9713009A0568 /* City.swift in Sources */ = {isa = PBXBuildFile; fileRef = F124C374249E9713009A0568 /* City.swift */; };
		F124C378249E99CA009A0568 /* HeaderPagingView.swift in Sources */ = {isa = PBXBuildFile; fileRef = F124C377249E99CA009A0568 /* HeaderPagingView.swift */; };
		F124C37D249E9FE6009A0568 /* SwiftyJSON.swift in Sources */ = {isa = PBXBuildFile; fileRef = F124C37C249E9FE6009A0568 /* SwiftyJSON.swift */; };
		F124C389249EA4F2009A0568 /* Weather.swift in Sources */ = {isa = PBXBuildFile; fileRef = F124C388249EA4F2009A0568 /* Weather.swift */; };
/* End PBXBuildFile section */

/* Begin PBXFileReference section */
		60709107BDC4FEA359FEDA3A /* Pods-Weather.debug.xcconfig */ = {isa = PBXFileReference; includeInIndex = 1; lastKnownFileType = text.xcconfig; name = "Pods-Weather.debug.xcconfig"; path = "Target Support Files/Pods-Weather/Pods-Weather.debug.xcconfig"; sourceTree = "<group>"; };
		875E93DD240D2492B45C5C78 /* libPods-Weather.a */ = {isa = PBXFileReference; explicitFileType = archive.ar; includeInIndex = 0; path = "libPods-Weather.a"; sourceTree = BUILT_PRODUCTS_DIR; };
		8DC8232AFE726533B35B72BE /* Pods-Weather.release.xcconfig */ = {isa = PBXFileReference; includeInIndex = 1; lastKnownFileType = text.xcconfig; name = "Pods-Weather.release.xcconfig"; path = "Target Support Files/Pods-Weather/Pods-Weather.release.xcconfig"; sourceTree = "<group>"; };
		F124C34F249E91BE009A0568 /* Weather.app */ = {isa = PBXFileReference; explicitFileType = wrapper.application; includeInIndex = 0; path = Weather.app; sourceTree = BUILT_PRODUCTS_DIR; };
		F124C352249E91BE009A0568 /* AppDelegate.swift */ = {isa = PBXFileReference; lastKnownFileType = sourcecode.swift; path = AppDelegate.swift; sourceTree = "<group>"; };
		F124C354249E91BE009A0568 /* SceneDelegate.swift */ = {isa = PBXFileReference; lastKnownFileType = sourcecode.swift; path = SceneDelegate.swift; sourceTree = "<group>"; };
		F124C356249E91BE009A0568 /* TabViewController.swift */ = {isa = PBXFileReference; lastKnownFileType = sourcecode.swift; path = TabViewController.swift; sourceTree = "<group>"; };
		F124C359249E91BE009A0568 /* Base */ = {isa = PBXFileReference; lastKnownFileType = file.storyboard; name = Base; path = Base.lproj/Main.storyboard; sourceTree = "<group>"; };
		F124C35B249E91C0009A0568 /* Assets.xcassets */ = {isa = PBXFileReference; lastKnownFileType = folder.assetcatalog; path = Assets.xcassets; sourceTree = "<group>"; };
		F124C35E249E91C0009A0568 /* Base */ = {isa = PBXFileReference; lastKnownFileType = file.storyboard; name = Base; path = Base.lproj/LaunchScreen.storyboard; sourceTree = "<group>"; };
		F124C360249E91C0009A0568 /* Info.plist */ = {isa = PBXFileReference; lastKnownFileType = text.plist.xml; path = Info.plist; sourceTree = "<group>"; };
		F124C367249E96DA009A0568 /* CityPresenter.swift */ = {isa = PBXFileReference; lastKnownFileType = sourcecode.swift; path = CityPresenter.swift; sourceTree = "<group>"; };
		F124C368249E96DA009A0568 /* CityRouter.swift */ = {isa = PBXFileReference; lastKnownFileType = sourcecode.swift; path = CityRouter.swift; sourceTree = "<group>"; };
		F124C369249E96DA009A0568 /* CityViewController.swift */ = {isa = PBXFileReference; lastKnownFileType = sourcecode.swift; path = CityViewController.swift; sourceTree = "<group>"; };
		F124C36A249E96DA009A0568 /* CityProtocols.swift */ = {isa = PBXFileReference; lastKnownFileType = sourcecode.swift; path = CityProtocols.swift; sourceTree = "<group>"; };
		F124C36B249E96DA009A0568 /* CityInteractor.swift */ = {isa = PBXFileReference; lastKnownFileType = sourcecode.swift; path = CityInteractor.swift; sourceTree = "<group>"; };
		F124C374249E9713009A0568 /* City.swift */ = {isa = PBXFileReference; lastKnownFileType = sourcecode.swift; path = City.swift; sourceTree = "<group>"; };
		F124C377249E99CA009A0568 /* HeaderPagingView.swift */ = {isa = PBXFileReference; lastKnownFileType = sourcecode.swift; path = HeaderPagingView.swift; sourceTree = "<group>"; };
		F124C37C249E9FE6009A0568 /* SwiftyJSON.swift */ = {isa = PBXFileReference; fileEncoding = 4; lastKnownFileType = sourcecode.swift; path = SwiftyJSON.swift; sourceTree = "<group>"; };
		F124C388249EA4F2009A0568 /* Weather.swift */ = {isa = PBXFileReference; lastKnownFileType = sourcecode.swift; path = Weather.swift; sourceTree = "<group>"; };
/* End PBXFileReference section */

/* Begin PBXFrameworksBuildPhase section */
		F124C34C249E91BD009A0568 /* Frameworks */ = {
			isa = PBXFrameworksBuildPhase;
			buildActionMask = 2147483647;
			files = (
				A53AA0A26EEE66EF5790875C /* libPods-Weather.a in Frameworks */,
			);
			runOnlyForDeploymentPostprocessing = 0;
		};
/* End PBXFrameworksBuildPhase section */

/* Begin PBXGroup section */
		8A8205BDCAFE0AC0A7304220 /* Frameworks */ = {
			isa = PBXGroup;
			children = (
				875E93DD240D2492B45C5C78 /* libPods-Weather.a */,
			);
			name = Frameworks;
			sourceTree = "<group>";
		};
		BAADB14E55B498A5FF949A80 /* Pods */ = {
			isa = PBXGroup;
			children = (
				60709107BDC4FEA359FEDA3A /* Pods-Weather.debug.xcconfig */,
				8DC8232AFE726533B35B72BE /* Pods-Weather.release.xcconfig */,
			);
			path = Pods;
			sourceTree = "<group>";
		};
		F124C346249E91BD009A0568 = {
			isa = PBXGroup;
			children = (
				F124C351249E91BE009A0568 /* Weather */,
				F124C350249E91BE009A0568 /* Products */,
				BAADB14E55B498A5FF949A80 /* Pods */,
				8A8205BDCAFE0AC0A7304220 /* Frameworks */,
			);
			sourceTree = "<group>";
		};
		F124C350249E91BE009A0568 /* Products */ = {
			isa = PBXGroup;
			children = (
				F124C34F249E91BE009A0568 /* Weather.app */,
			);
			name = Products;
			sourceTree = "<group>";
		};
		F124C351249E91BE009A0568 /* Weather */ = {
			isa = PBXGroup;
			children = (
				F124C37B249E9FBA009A0568 /* Utility */,
				F124C376249E99C0009A0568 /* View */,
				F124C373249E9701009A0568 /* Entity */,
				F124C366249E96C9009A0568 /* Controller */,
				F124C352249E91BE009A0568 /* AppDelegate.swift */,
				F124C354249E91BE009A0568 /* SceneDelegate.swift */,
				F124C358249E91BE009A0568 /* Main.storyboard */,
				F124C35B249E91C0009A0568 /* Assets.xcassets */,
				F124C35D249E91C0009A0568 /* LaunchScreen.storyboard */,
				F124C360249E91C0009A0568 /* Info.plist */,
			);
			path = Weather;
			sourceTree = "<group>";
		};
		F124C366249E96C9009A0568 /* Controller */ = {
			isa = PBXGroup;
			children = (
				F124C379249E9D84009A0568 /* City */,
				F124C37A249E9D92009A0568 /* Tab */,
			);
			path = Controller;
			sourceTree = "<group>";
		};
		F124C373249E9701009A0568 /* Entity */ = {
			isa = PBXGroup;
			children = (
				F124C374249E9713009A0568 /* City.swift */,
				F124C388249EA4F2009A0568 /* Weather.swift */,
			);
			path = Entity;
			sourceTree = "<group>";
		};
		F124C376249E99C0009A0568 /* View */ = {
			isa = PBXGroup;
			children = (
				F124C377249E99CA009A0568 /* HeaderPagingView.swift */,
			);
			path = View;
			sourceTree = "<group>";
		};
		F124C379249E9D84009A0568 /* City */ = {
			isa = PBXGroup;
			children = (
				F124C367249E96DA009A0568 /* CityPresenter.swift */,
				F124C368249E96DA009A0568 /* CityRouter.swift */,
				F124C369249E96DA009A0568 /* CityViewController.swift */,
				F124C36A249E96DA009A0568 /* CityProtocols.swift */,
				F124C36B249E96DA009A0568 /* CityInteractor.swift */,
			);
			path = City;
			sourceTree = "<group>";
		};
		F124C37A249E9D92009A0568 /* Tab */ = {
			isa = PBXGroup;
			children = (
				F124C356249E91BE009A0568 /* TabViewController.swift */,
			);
			path = Tab;
			sourceTree = "<group>";
		};
		F124C37B249E9FBA009A0568 /* Utility */ = {
			isa = PBXGroup;
			children = (
				F124C37C249E9FE6009A0568 /* SwiftyJSON.swift */,
			);
			path = Utility;
			sourceTree = "<group>";
		};
/* End PBXGroup section */

/* Begin PBXNativeTarget section */
		F124C34E249E91BD009A0568 /* Weather */ = {
			isa = PBXNativeTarget;
			buildConfigurationList = F124C363249E91C0009A0568 /* Build configuration list for PBXNativeTarget "Weather" */;
			buildPhases = (
				7A94DDC8A56E520A55C0676D /* [CP] Check Pods Manifest.lock */,
				F124C34B249E91BD009A0568 /* Sources */,
				F124C34C249E91BD009A0568 /* Frameworks */,
				F124C34D249E91BD009A0568 /* Resources */,
				A7933852BF84A59123BE1751 /* [CP] Copy Pods Resources */,
			);
			buildRules = (
			);
			dependencies = (
			);
			name = Weather;
			productName = Weather;
			productReference = F124C34F249E91BE009A0568 /* Weather.app */;
			productType = "com.apple.product-type.application";
		};
/* End PBXNativeTarget section */

/* Begin PBXProject section */
		F124C347249E91BD009A0568 /* Project object */ = {
			isa = PBXProject;
			attributes = {
				LastSwiftUpdateCheck = 1150;
				LastUpgradeCheck = 1150;
				ORGANIZATIONNAME = Sargis;
				TargetAttributes = {
					F124C34E249E91BD009A0568 = {
						CreatedOnToolsVersion = 11.5;
					};
				};
			};
			buildConfigurationList = F124C34A249E91BD009A0568 /* Build configuration list for PBXProject "Weather" */;
			compatibilityVersion = "Xcode 9.3";
			developmentRegion = en;
			hasScannedForEncodings = 0;
			knownRegions = (
				en,
				Base,
			);
			mainGroup = F124C346249E91BD009A0568;
			productRefGroup = F124C350249E91BE009A0568 /* Products */;
			projectDirPath = "";
			projectRoot = "";
			targets = (
				F124C34E249E91BD009A0568 /* Weather */,
			);
		};
/* End PBXProject section */

/* Begin PBXResourcesBuildPhase section */
		F124C34D249E91BD009A0568 /* Resources */ = {
			isa = PBXResourcesBuildPhase;
			buildActionMask = 2147483647;
			files = (
				F124C35F249E91C0009A0568 /* LaunchScreen.storyboard in Resources */,
				F124C35C249E91C0009A0568 /* Assets.xcassets in Resources */,
				F124C35A249E91BE009A0568 /* Main.storyboard in Resources */,
			);
			runOnlyForDeploymentPostprocessing = 0;
		};
/* End PBXResourcesBuildPhase section */

/* Begin PBXShellScriptBuildPhase section */
		7A94DDC8A56E520A55C0676D /* [CP] Check Pods Manifest.lock */ = {
			isa = PBXShellScriptBuildPhase;
			buildActionMask = 2147483647;
			files = (
			);
			inputFileListPaths = (
			);
			inputPaths = (
				"${PODS_PODFILE_DIR_PATH}/Podfile.lock",
				"${PODS_ROOT}/Manifest.lock",
			);
			name = "[CP] Check Pods Manifest.lock";
			outputFileListPaths = (
			);
			outputPaths = (
				"$(DERIVED_FILE_DIR)/Pods-Weather-checkManifestLockResult.txt",
			);
			runOnlyForDeploymentPostprocessing = 0;
			shellPath = /bin/sh;
			shellScript = "diff \"${PODS_PODFILE_DIR_PATH}/Podfile.lock\" \"${PODS_ROOT}/Manifest.lock\" > /dev/null\nif [ $? != 0 ] ; then\n    # print error to STDERR\n    echo \"error: The sandbox is not in sync with the Podfile.lock. Run 'pod install' or update your CocoaPods installation.\" >&2\n    exit 1\nfi\n# This output is used by Xcode 'outputs' to avoid re-running this script phase.\necho \"SUCCESS\" > \"${SCRIPT_OUTPUT_FILE_0}\"\n";
			showEnvVarsInLog = 0;
		};
		A7933852BF84A59123BE1751 /* [CP] Copy Pods Resources */ = {
			isa = PBXShellScriptBuildPhase;
			buildActionMask = 2147483647;
			files = (
			);
			inputFileListPaths = (
				"${PODS_ROOT}/Target Support Files/Pods-Weather/Pods-Weather-resources-${CONFIGURATION}-input-files.xcfilelist",
			);
			name = "[CP] Copy Pods Resources";
			outputFileListPaths = (
				"${PODS_ROOT}/Target Support Files/Pods-Weather/Pods-Weather-resources-${CONFIGURATION}-output-files.xcfilelist",
			);
			runOnlyForDeploymentPostprocessing = 0;
			shellPath = /bin/sh;
			shellScript = "\"${PODS_ROOT}/Target Support Files/Pods-Weather/Pods-Weather-resources.sh\"\n";
			showEnvVarsInLog = 0;
		};
/* End PBXShellScriptBuildPhase section */

/* Begin PBXSourcesBuildPhase section */
		F124C34B249E91BD009A0568 /* Sources */ = {
			isa = PBXSourcesBuildPhase;
			buildActionMask = 2147483647;
			files = (
				F124C370249E96DA009A0568 /* CityProtocols.swift in Sources */,
				F124C357249E91BE009A0568 /* TabViewController.swift in Sources */,
				F124C375249E9713009A0568 /* City.swift in Sources */,
				F124C37D249E9FE6009A0568 /* SwiftyJSON.swift in Sources */,
				F124C389249EA4F2009A0568 /* Weather.swift in Sources */,
				F124C378249E99CA009A0568 /* HeaderPagingView.swift in Sources */,
				F124C353249E91BE009A0568 /* AppDelegate.swift in Sources */,
				F124C371249E96DA009A0568 /* CityInteractor.swift in Sources */,
				F124C36E249E96DA009A0568 /* CityRouter.swift in Sources */,
				F124C355249E91BE009A0568 /* SceneDelegate.swift in Sources */,
				F124C36D249E96DA009A0568 /* CityPresenter.swift in Sources */,
				F124C36F249E96DA009A0568 /* CityViewController.swift in Sources */,
			);
			runOnlyForDeploymentPostprocessing = 0;
		};
/* End PBXSourcesBuildPhase section */

/* Begin PBXVariantGroup section */
		F124C358249E91BE009A0568 /* Main.storyboard */ = {
			isa = PBXVariantGroup;
			children = (
				F124C359249E91BE009A0568 /* Base */,
			);
			name = Main.storyboard;
			sourceTree = "<group>";
		};
		F124C35D249E91C0009A0568 /* LaunchScreen.storyboard */ = {
			isa = PBXVariantGroup;
			children = (
				F124C35E249E91C0009A0568 /* Base */,
			);
			name = LaunchScreen.storyboard;
			sourceTree = "<group>";
		};
/* End PBXVariantGroup section */

/* Begin XCBuildConfiguration section */
		F124C361249E91C0009A0568 /* Debug */ = {
			isa = XCBuildConfiguration;
			buildSettings = {
				ALWAYS_SEARCH_USER_PATHS = NO;
				CLANG_ANALYZER_NONNULL = YES;
				CLANG_ANALYZER_NUMBER_OBJECT_CONVERSION = YES_AGGRESSIVE;
				CLANG_CXX_LANGUAGE_STANDARD = "gnu++14";
				CLANG_CXX_LIBRARY = "libc++";
				CLANG_ENABLE_MODULES = YES;
				CLANG_ENABLE_OBJC_ARC = YES;
				CLANG_ENABLE_OBJC_WEAK = YES;
				CLANG_WARN_BLOCK_CAPTURE_AUTORELEASING = YES;
				CLANG_WARN_BOOL_CONVERSION = YES;
				CLANG_WARN_COMMA = YES;
				CLANG_WARN_CONSTANT_CONVERSION = YES;
				CLANG_WARN_DEPRECATED_OBJC_IMPLEMENTATIONS = YES;
				CLANG_WARN_DIRECT_OBJC_ISA_USAGE = YES_ERROR;
				CLANG_WARN_DOCUMENTATION_COMMENTS = YES;
				CLANG_WARN_EMPTY_BODY = YES;
				CLANG_WARN_ENUM_CONVERSION = YES;
				CLANG_WARN_INFINITE_RECURSION = YES;
				CLANG_WARN_INT_CONVERSION = YES;
				CLANG_WARN_NON_LITERAL_NULL_CONVERSION = YES;
				CLANG_WARN_OBJC_IMPLICIT_RETAIN_SELF = YES;
				CLANG_WARN_OBJC_LITERAL_CONVERSION = YES;
				CLANG_WARN_OBJC_ROOT_CLASS = YES_ERROR;
				CLANG_WARN_RANGE_LOOP_ANALYSIS = YES;
				CLANG_WARN_STRICT_PROTOTYPES = YES;
				CLANG_WARN_SUSPICIOUS_MOVE = YES;
				CLANG_WARN_UNGUARDED_AVAILABILITY = YES_AGGRESSIVE;
				CLANG_WARN_UNREACHABLE_CODE = YES;
				CLANG_WARN__DUPLICATE_METHOD_MATCH = YES;
				COPY_PHASE_STRIP = NO;
				DEBUG_INFORMATION_FORMAT = dwarf;
				ENABLE_STRICT_OBJC_MSGSEND = YES;
				ENABLE_TESTABILITY = YES;
				GCC_C_LANGUAGE_STANDARD = gnu11;
				GCC_DYNAMIC_NO_PIC = NO;
				GCC_NO_COMMON_BLOCKS = YES;
				GCC_OPTIMIZATION_LEVEL = 0;
				GCC_PREPROCESSOR_DEFINITIONS = (
					"DEBUG=1",
					"$(inherited)",
				);
				GCC_WARN_64_TO_32_BIT_CONVERSION = YES;
				GCC_WARN_ABOUT_RETURN_TYPE = YES_ERROR;
				GCC_WARN_UNDECLARED_SELECTOR = YES;
				GCC_WARN_UNINITIALIZED_AUTOS = YES_AGGRESSIVE;
				GCC_WARN_UNUSED_FUNCTION = YES;
				GCC_WARN_UNUSED_VARIABLE = YES;
				IPHONEOS_DEPLOYMENT_TARGET = 13.5;
				MTL_ENABLE_DEBUG_INFO = INCLUDE_SOURCE;
				MTL_FAST_MATH = YES;
				ONLY_ACTIVE_ARCH = YES;
				SDKROOT = iphoneos;
				SWIFT_ACTIVE_COMPILATION_CONDITIONS = DEBUG;
				SWIFT_OPTIMIZATION_LEVEL = "-Onone";
			};
			name = Debug;
		};
		F124C362249E91C0009A0568 /* Release */ = {
			isa = XCBuildConfiguration;
			buildSettings = {
				ALWAYS_SEARCH_USER_PATHS = NO;
				CLANG_ANALYZER_NONNULL = YES;
				CLANG_ANALYZER_NUMBER_OBJECT_CONVERSION = YES_AGGRESSIVE;
				CLANG_CXX_LANGUAGE_STANDARD = "gnu++14";
				CLANG_CXX_LIBRARY = "libc++";
				CLANG_ENABLE_MODULES = YES;
				CLANG_ENABLE_OBJC_ARC = YES;
				CLANG_ENABLE_OBJC_WEAK = YES;
				CLANG_WARN_BLOCK_CAPTURE_AUTORELEASING = YES;
				CLANG_WARN_BOOL_CONVERSION = YES;
				CLANG_WARN_COMMA = YES;
				CLANG_WARN_CONSTANT_CONVERSION = YES;
				CLANG_WARN_DEPRECATED_OBJC_IMPLEMENTATIONS = YES;
				CLANG_WARN_DIRECT_OBJC_ISA_USAGE = YES_ERROR;
				CLANG_WARN_DOCUMENTATION_COMMENTS = YES;
				CLANG_WARN_EMPTY_BODY = YES;
				CLANG_WARN_ENUM_CONVERSION = YES;
				CLANG_WARN_INFINITE_RECURSION = YES;
				CLANG_WARN_INT_CONVERSION = YES;
				CLANG_WARN_NON_LITERAL_NULL_CONVERSION = YES;
				CLANG_WARN_OBJC_IMPLICIT_RETAIN_SELF = YES;
				CLANG_WARN_OBJC_LITERAL_CONVERSION = YES;
				CLANG_WARN_OBJC_ROOT_CLASS = YES_ERROR;
				CLANG_WARN_RANGE_LOOP_ANALYSIS = YES;
				CLANG_WARN_STRICT_PROTOTYPES = YES;
				CLANG_WARN_SUSPICIOUS_MOVE = YES;
				CLANG_WARN_UNGUARDED_AVAILABILITY = YES_AGGRESSIVE;
				CLANG_WARN_UNREACHABLE_CODE = YES;
				CLANG_WARN__DUPLICATE_METHOD_MATCH = YES;
				COPY_PHASE_STRIP = NO;
				DEBUG_INFORMATION_FORMAT = "dwarf-with-dsym";
				ENABLE_NS_ASSERTIONS = NO;
				ENABLE_STRICT_OBJC_MSGSEND = YES;
				GCC_C_LANGUAGE_STANDARD = gnu11;
				GCC_NO_COMMON_BLOCKS = YES;
				GCC_WARN_64_TO_32_BIT_CONVERSION = YES;
				GCC_WARN_ABOUT_RETURN_TYPE = YES_ERROR;
				GCC_WARN_UNDECLARED_SELECTOR = YES;
				GCC_WARN_UNINITIALIZED_AUTOS = YES_AGGRESSIVE;
				GCC_WARN_UNUSED_FUNCTION = YES;
				GCC_WARN_UNUSED_VARIABLE = YES;
				IPHONEOS_DEPLOYMENT_TARGET = 13.5;
				MTL_ENABLE_DEBUG_INFO = NO;
				MTL_FAST_MATH = YES;
				SDKROOT = iphoneos;
				SWIFT_COMPILATION_MODE = wholemodule;
				SWIFT_OPTIMIZATION_LEVEL = "-O";
				VALIDATE_PRODUCT = YES;
			};
			name = Release;
		};
		F124C364249E91C0009A0568 /* Debug */ = {
			isa = XCBuildConfiguration;
			baseConfigurationReference = 60709107BDC4FEA359FEDA3A /* Pods-Weather.debug.xcconfig */;
			buildSettings = {
				ASSETCATALOG_COMPILER_APPICON_NAME = AppIcon;
				CODE_SIGN_STYLE = Automatic;
				DEVELOPMENT_TEAM = 4A7322KKH4;
				INFOPLIST_FILE = Weather/Info.plist;
				LD_RUNPATH_SEARCH_PATHS = (
					"$(inherited)",
					"@executable_path/Frameworks",
				);
				PRODUCT_BUNDLE_IDENTIFIER = com.constant.Weather.Weather;
				PRODUCT_NAME = "$(TARGET_NAME)";
				SWIFT_VERSION = 5.0;
				TARGETED_DEVICE_FAMILY = "1,2";
			};
			name = Debug;
		};
		F124C365249E91C0009A0568 /* Release */ = {
			isa = XCBuildConfiguration;
			baseConfigurationReference = 8DC8232AFE726533B35B72BE /* Pods-Weather.release.xcconfig */;
			buildSettings = {
				ASSETCATALOG_COMPILER_APPICON_NAME = AppIcon;
				CODE_SIGN_STYLE = Automatic;
				DEVELOPMENT_TEAM = 4A7322KKH4;
				INFOPLIST_FILE = Weather/Info.plist;
				LD_RUNPATH_SEARCH_PATHS = (
					"$(inherited)",
					"@executable_path/Frameworks",
				);
				PRODUCT_BUNDLE_IDENTIFIER = com.constant.Weather.Weather;
				PRODUCT_NAME = "$(TARGET_NAME)";
				SWIFT_VERSION = 5.0;
				TARGETED_DEVICE_FAMILY = "1,2";
			};
			name = Release;
		};
/* End XCBuildConfiguration section */

/* Begin XCConfigurationList section */
		F124C34A249E91BD009A0568 /* Build configuration list for PBXProject "Weather" */ = {
			isa = XCConfigurationList;
			buildConfigurations = (
				F124C361249E91C0009A0568 /* Debug */,
				F124C362249E91C0009A0568 /* Release */,
			);
			defaultConfigurationIsVisible = 0;
			defaultConfigurationName = Release;
		};
		F124C363249E91C0009A0568 /* Build configuration list for PBXNativeTarget "Weather" */ = {
			isa = XCConfigurationList;
			buildConfigurations = (
				F124C364249E91C0009A0568 /* Debug */,
				F124C365249E91C0009A0568 /* Release */,
			);
			defaultConfigurationIsVisible = 0;
			defaultConfigurationName = Release;
		};
/* End XCConfigurationList section */
	};
	rootObject = F124C347249E91BD009A0568 /* Project object */;
}
